
Microsoft Visual Studio Solution File, Format Version 12.00
# Visual Studio Version 17
VisualStudioVersion = 17.4.33205.214
MinimumVisualStudioVersion = 10.0.40219.1
Project("{FAE04EC0-301F-11D3-BF4B-00C04F79EFBC}") = "JuraganMobil", "JuraganMobil\JuraganMobil.csproj", "{3588CC88-DFD8-498F-9F61-1D81E58FF7B1}"
EndProject
Global
	GlobalSection(SolutionConfigurationPlatforms) = preSolution
		Debug|Any CPU = Debug|Any CPU
		Release|Any CPU = Release|Any CPU
	EndGlobalSection
	GlobalSection(ProjectConfigurationPlatforms) = postSolution
		{3588CC88-DFD8-498F-9F61-1D81E58FF7B1}.Debug|Any CPU.ActiveCfg = Debug|Any CPU
		{3588CC88-DFD8-498F-9F61-1D81E58FF7B1}.Debug|Any CPU.Build.0 = Debug|Any CPU
		{3588CC88-DFD8-498F-9F61-1D81E58FF7B1}.Release|Any CPU.ActiveCfg = Release|Any CPU
		{3588CC88-DFD8-498F-9F61-1D81E58FF7B1}.Release|Any CPU.Build.0 = Release|Any CPU
	EndGlobalSection
	GlobalSection(SolutionProperties) = preSolution
		HideSolutionNode = FALSE
	EndGlobalSection
	GlobalSection(ExtensibilityGlobals) = postSolution
		SolutionGuid = {7E449F3A-8956-4870-9EC9-61AF80B87D24}
	EndGlobalSection
EndGlobal
